// !$*UTF8*$!
{
	archiveVersion = 1;
	classes = {
	};
	objectVersion = 56;
	objects = {

/* Begin PBXBuildFile section */
		7021EA922BCA824100B62648 /* AppDelegate.swift in Sources */ = {isa = PBXBuildFile; fileRef = 7021EA912BCA824100B62648 /* AppDelegate.swift */; };
		7021EA942BCA824100B62648 /* SceneDelegate.swift in Sources */ = {isa = PBXBuildFile; fileRef = 7021EA932BCA824100B62648 /* SceneDelegate.swift */; };
		7021EA962BCA824100B62648 /* ViewController.swift in Sources */ = {isa = PBXBuildFile; fileRef = 7021EA952BCA824100B62648 /* ViewController.swift */; };
		7021EA992BCA824100B62648 /* Base in Resources */ = {isa = PBXBuildFile; fileRef = 7021EA982BCA824100B62648 /* Base */; };
		7021EA9B2BCA824300B62648 /* Assets.xcassets in Resources */ = {isa = PBXBuildFile; fileRef = 7021EA9A2BCA824300B62648 /* Assets.xcassets */; };
		7021EA9E2BCA824300B62648 /* Base in Resources */ = {isa = PBXBuildFile; fileRef = 7021EA9D2BCA824300B62648 /* Base */; };
		7021EAA92BCA824300B62648 /* Pomodoro_TimerTests.swift in Sources */ = {isa = PBXBuildFile; fileRef = 7021EAA82BCA824300B62648 /* Pomodoro_TimerTests.swift */; };
		7021EAB32BCA824300B62648 /* Pomodoro_TimerUITests.swift in Sources */ = {isa = PBXBuildFile; fileRef = 7021EAB22BCA824300B62648 /* Pomodoro_TimerUITests.swift */; };
		7021EAB52BCA824300B62648 /* Pomodoro_TimerUITestsLaunchTests.swift in Sources */ = {isa = PBXBuildFile; fileRef = 7021EAB42BCA824300B62648 /* Pomodoro_TimerUITestsLaunchTests.swift */; };
		7021EAC22BCA859400B62648 /* Localizable.xcstrings in Resources */ = {isa = PBXBuildFile; fileRef = 7021EAC12BCA859400B62648 /* Localizable.xcstrings */; };
/* End PBXBuildFile section */

/* Begin PBXContainerItemProxy section */
		7021EAA52BCA824300B62648 /* PBXContainerItemProxy */ = {
			isa = PBXContainerItemProxy;
			containerPortal = 7021EA862BCA824100B62648 /* Project object */;
			proxyType = 1;
			remoteGlobalIDString = 7021EA8D2BCA824100B62648;
			remoteInfo = "Pomodoro-Timer";
		};
		7021EAAF2BCA824300B62648 /* PBXContainerItemProxy */ = {
			isa = PBXContainerItemProxy;
			containerPortal = 7021EA862BCA824100B62648 /* Project object */;
			proxyType = 1;
			remoteGlobalIDString = 7021EA8D2BCA824100B62648;
			remoteInfo = "Pomodoro-Timer";
		};
/* End PBXContainerItemProxy section */

/* Begin PBXFileReference section */
		7021EA8E2BCA824100B62648 /* Pomodoro-Timer.app */ = {isa = PBXFileReference; explicitFileType = wrapper.application; includeInIndex = 0; path = "Pomodoro-Timer.app"; sourceTree = BUILT_PRODUCTS_DIR; };
		7021EA912BCA824100B62648 /* AppDelegate.swift */ = {isa = PBXFileReference; lastKnownFileType = sourcecode.swift; path = AppDelegate.swift; sourceTree = "<group>"; };
		7021EA932BCA824100B62648 /* SceneDelegate.swift */ = {isa = PBXFileReference; lastKnownFileType = sourcecode.swift; path = SceneDelegate.swift; sourceTree = "<group>"; };
		7021EA952BCA824100B62648 /* ViewController.swift */ = {isa = PBXFileReference; lastKnownFileType = sourcecode.swift; path = ViewController.swift; sourceTree = "<group>"; };
		7021EA982BCA824100B62648 /* Base */ = {isa = PBXFileReference; lastKnownFileType = file.storyboard; name = Base; path = Base.lproj/Main.storyboard; sourceTree = "<group>"; };
		7021EA9A2BCA824300B62648 /* Assets.xcassets */ = {isa = PBXFileReference; lastKnownFileType = folder.assetcatalog; path = Assets.xcassets; sourceTree = "<group>"; };
		7021EA9D2BCA824300B62648 /* Base */ = {isa = PBXFileReference; lastKnownFileType = file.storyboard; name = Base; path = Base.lproj/LaunchScreen.storyboard; sourceTree = "<group>"; };
		7021EA9F2BCA824300B62648 /* Info.plist */ = {isa = PBXFileReference; lastKnownFileType = text.plist.xml; path = Info.plist; sourceTree = "<group>"; };
		7021EAA42BCA824300B62648 /* Pomodoro-TimerTests.xctest */ = {isa = PBXFileReference; explicitFileType = wrapper.cfbundle; includeInIndex = 0; path = "Pomodoro-TimerTests.xctest"; sourceTree = BUILT_PRODUCTS_DIR; };
		7021EAA82BCA824300B62648 /* Pomodoro_TimerTests.swift */ = {isa = PBXFileReference; lastKnownFileType = sourcecode.swift; path = Pomodoro_TimerTests.swift; sourceTree = "<group>"; };
		7021EAAE2BCA824300B62648 /* Pomodoro-TimerUITests.xctest */ = {isa = PBXFileReference; explicitFileType = wrapper.cfbundle; includeInIndex = 0; path = "Pomodoro-TimerUITests.xctest"; sourceTree = BUILT_PRODUCTS_DIR; };
		7021EAB22BCA824300B62648 /* Pomodoro_TimerUITests.swift */ = {isa = PBXFileReference; lastKnownFileType = sourcecode.swift; path = Pomodoro_TimerUITests.swift; sourceTree = "<group>"; };
		7021EAB42BCA824300B62648 /* Pomodoro_TimerUITestsLaunchTests.swift */ = {isa = PBXFileReference; lastKnownFileType = sourcecode.swift; path = Pomodoro_TimerUITestsLaunchTests.swift; sourceTree = "<group>"; };
		7021EAC12BCA859400B62648 /* Localizable.xcstrings */ = {isa = PBXFileReference; lastKnownFileType = text.json.xcstrings; path = Localizable.xcstrings; sourceTree = "<group>"; };
/* End PBXFileReference section */

/* Begin PBXFrameworksBuildPhase section */
		7021EA8B2BCA824100B62648 /* Frameworks */ = {
			isa = PBXFrameworksBuildPhase;
			buildActionMask = 2147483647;
			files = (
			);
			runOnlyForDeploymentPostprocessing = 0;
		};
		7021EAA12BCA824300B62648 /* Frameworks */ = {
			isa = PBXFrameworksBuildPhase;
			buildActionMask = 2147483647;
			files = (
			);
			runOnlyForDeploymentPostprocessing = 0;
		};
		7021EAAB2BCA824300B62648 /* Frameworks */ = {
			isa = PBXFrameworksBuildPhase;
			buildActionMask = 2147483647;
			files = (
			);
			runOnlyForDeploymentPostprocessing = 0;
		};
/* End PBXFrameworksBuildPhase section */

/* Begin PBXGroup section */
		7021EA852BCA824100B62648 = {
			isa = PBXGroup;
			children = (
				7021EA902BCA824100B62648 /* Pomodoro-Timer */,
				7021EAA72BCA824300B62648 /* Pomodoro-TimerTests */,
				7021EAB12BCA824300B62648 /* Pomodoro-TimerUITests */,
				7021EA8F2BCA824100B62648 /* Products */,
			);
			sourceTree = "<group>";
		};
		7021EA8F2BCA824100B62648 /* Products */ = {
			isa = PBXGroup;
			children = (
				7021EA8E2BCA824100B62648 /* Pomodoro-Timer.app */,
				7021EAA42BCA824300B62648 /* Pomodoro-TimerTests.xctest */,
				7021EAAE2BCA824300B62648 /* Pomodoro-TimerUITests.xctest */,
			);
			name = Products;
			sourceTree = "<group>";
		};
		7021EA902BCA824100B62648 /* Pomodoro-Timer */ = {
			isa = PBXGroup;
			children = (
				7021EA9F2BCA824300B62648 /* Info.plist */,
				7021EAC12BCA859400B62648 /* Localizable.xcstrings */,
				7021EAC72BCA860F00B62648 /* storyboard */,
				7021EAC32BCA85A400B62648 /* views */,
				7021EAC62BCA85FF00B62648 /* Resources */,
			);
			path = "Pomodoro-Timer";
			sourceTree = "<group>";
		};
		7021EAA72BCA824300B62648 /* Pomodoro-TimerTests */ = {
			isa = PBXGroup;
			children = (
				7021EAA82BCA824300B62648 /* Pomodoro_TimerTests.swift */,
			);
			path = "Pomodoro-TimerTests";
			sourceTree = "<group>";
		};
		7021EAB12BCA824300B62648 /* Pomodoro-TimerUITests */ = {
			isa = PBXGroup;
			children = (
				7021EAB22BCA824300B62648 /* Pomodoro_TimerUITests.swift */,
				7021EAB42BCA824300B62648 /* Pomodoro_TimerUITestsLaunchTests.swift */,
			);
			path = "Pomodoro-TimerUITests";
			sourceTree = "<group>";
		};
		7021EAC32BCA85A400B62648 /* views */ = {
			isa = PBXGroup;
			children = (
				7021EAC42BCA85C700B62648 /* intro */,
				7021EAC52BCA85CD00B62648 /* timer */,
				7021EA912BCA824100B62648 /* AppDelegate.swift */,
				7021EA932BCA824100B62648 /* SceneDelegate.swift */,
			);
			path = views;
			sourceTree = "<group>";
		};
		7021EAC42BCA85C700B62648 /* intro */ = {
			isa = PBXGroup;
			children = (
				7021EA952BCA824100B62648 /* ViewController.swift */,
			);
			path = intro;
			sourceTree = "<group>";
		};
		7021EAC52BCA85CD00B62648 /* timer */ = {
			isa = PBXGroup;
			children = (
			);
			path = timer;
			sourceTree = "<group>";
		};
		7021EAC62BCA85FF00B62648 /* Resources */ = {
			isa = PBXGroup;
			children = (
				7021EA9A2BCA824300B62648 /* Assets.xcassets */,
			);
			path = Resources;
			sourceTree = "<group>";
		};
		7021EAC72BCA860F00B62648 /* storyboard */ = {
			isa = PBXGroup;
			children = (
				7021EA972BCA824100B62648 /* Main.storyboard */,
				7021EA9C2BCA824300B62648 /* LaunchScreen.storyboard */,
			);
			path = storyboard;
			sourceTree = "<group>";
		};
/* End PBXGroup section */

/* Begin PBXNativeTarget section */
		7021EA8D2BCA824100B62648 /* Pomodoro-Timer */ = {
			isa = PBXNativeTarget;
			buildConfigurationList = 7021EAB82BCA824300B62648 /* Build configuration list for PBXNativeTarget "Pomodoro-Timer" */;
			buildPhases = (
				7021EA8A2BCA824100B62648 /* Sources */,
				7021EA8B2BCA824100B62648 /* Frameworks */,
				7021EA8C2BCA824100B62648 /* Resources */,
			);
			buildRules = (
			);
			dependencies = (
			);
			name = "Pomodoro-Timer";
			productName = "Pomodoro-Timer";
			productReference = 7021EA8E2BCA824100B62648 /* Pomodoro-Timer.app */;
			productType = "com.apple.product-type.application";
		};
		7021EAA32BCA824300B62648 /* Pomodoro-TimerTests */ = {
			isa = PBXNativeTarget;
			buildConfigurationList = 7021EABB2BCA824300B62648 /* Build configuration list for PBXNativeTarget "Pomodoro-TimerTests" */;
			buildPhases = (
				7021EAA02BCA824300B62648 /* Sources */,
				7021EAA12BCA824300B62648 /* Frameworks */,
				7021EAA22BCA824300B62648 /* Resources */,
			);
			buildRules = (
			);
			dependencies = (
				7021EAA62BCA824300B62648 /* PBXTargetDependency */,
			);
			name = "Pomodoro-TimerTests";
			productName = "Pomodoro-TimerTests";
			productReference = 7021EAA42BCA824300B62648 /* Pomodoro-TimerTests.xctest */;
			productType = "com.apple.product-type.bundle.unit-test";
		};
		7021EAAD2BCA824300B62648 /* Pomodoro-TimerUITests */ = {
			isa = PBXNativeTarget;
			buildConfigurationList = 7021EABE2BCA824300B62648 /* Build configuration list for PBXNativeTarget "Pomodoro-TimerUITests" */;
			buildPhases = (
				7021EAAA2BCA824300B62648 /* Sources */,
				7021EAAB2BCA824300B62648 /* Frameworks */,
				7021EAAC2BCA824300B62648 /* Resources */,
			);
			buildRules = (
			);
			dependencies = (
				7021EAB02BCA824300B62648 /* PBXTargetDependency */,
			);
			name = "Pomodoro-TimerUITests";
			productName = "Pomodoro-TimerUITests";
			productReference = 7021EAAE2BCA824300B62648 /* Pomodoro-TimerUITests.xctest */;
			productType = "com.apple.product-type.bundle.ui-testing";
		};
/* End PBXNativeTarget section */

/* Begin PBXProject section */
		7021EA862BCA824100B62648 /* Project object */ = {
			isa = PBXProject;
			attributes = {
				BuildIndependentTargetsInParallel = 1;
				LastSwiftUpdateCheck = 1530;
				LastUpgradeCheck = 1530;
				TargetAttributes = {
					7021EA8D2BCA824100B62648 = {
						CreatedOnToolsVersion = 15.3;
					};
					7021EAA32BCA824300B62648 = {
						CreatedOnToolsVersion = 15.3;
						TestTargetID = 7021EA8D2BCA824100B62648;
					};
					7021EAAD2BCA824300B62648 = {
						CreatedOnToolsVersion = 15.3;
						TestTargetID = 7021EA8D2BCA824100B62648;
					};
				};
			};
			buildConfigurationList = 7021EA892BCA824100B62648 /* Build configuration list for PBXProject "Pomodoro-Timer" */;
			compatibilityVersion = "Xcode 14.0";
			developmentRegion = en;
			hasScannedForEncodings = 0;
			knownRegions = (
				en,
				Base,
				uk,
			);
			mainGroup = 7021EA852BCA824100B62648;
			productRefGroup = 7021EA8F2BCA824100B62648 /* Products */;
			projectDirPath = "";
			projectRoot = "";
			targets = (
				7021EA8D2BCA824100B62648 /* Pomodoro-Timer */,
				7021EAA32BCA824300B62648 /* Pomodoro-TimerTests */,
				7021EAAD2BCA824300B62648 /* Pomodoro-TimerUITests */,
			);
		};
/* End PBXProject section */

/* Begin PBXResourcesBuildPhase section */
		7021EA8C2BCA824100B62648 /* Resources */ = {
			isa = PBXResourcesBuildPhase;
			buildActionMask = 2147483647;
			files = (
				7021EA9B2BCA824300B62648 /* Assets.xcassets in Resources */,
				7021EA9E2BCA824300B62648 /* Base in Resources */,
				7021EAC22BCA859400B62648 /* Localizable.xcstrings in Resources */,
				7021EA992BCA824100B62648 /* Base in Resources */,
			);
			runOnlyForDeploymentPostprocessing = 0;
		};
		7021EAA22BCA824300B62648 /* Resources */ = {
			isa = PBXResourcesBuildPhase;
			buildActionMask = 2147483647;
			files = (
			);
			runOnlyForDeploymentPostprocessing = 0;
		};
		7021EAAC2BCA824300B62648 /* Resources */ = {
			isa = PBXResourcesBuildPhase;
			buildActionMask = 2147483647;
			files = (
			);
			runOnlyForDeploymentPostprocessing = 0;
		};
/* End PBXResourcesBuildPhase section */

/* Begin PBXSourcesBuildPhase section */
		7021EA8A2BCA824100B62648 /* Sources */ = {
			isa = PBXSourcesBuildPhase;
			buildActionMask = 2147483647;
			files = (
				7021EA962BCA824100B62648 /* ViewController.swift in Sources */,
				7021EA922BCA824100B62648 /* AppDelegate.swift in Sources */,
				7021EA942BCA824100B62648 /* SceneDelegate.swift in Sources */,
			);
			runOnlyForDeploymentPostprocessing = 0;
		};
		7021EAA02BCA824300B62648 /* Sources */ = {
			isa = PBXSourcesBuildPhase;
			buildActionMask = 2147483647;
			files = (
				7021EAA92BCA824300B62648 /* Pomodoro_TimerTests.swift in Sources */,
			);
			runOnlyForDeploymentPostprocessing = 0;
		};
		7021EAAA2BCA824300B62648 /* Sources */ = {
			isa = PBXSourcesBuildPhase;
			buildActionMask = 2147483647;
			files = (
				7021EAB32BCA824300B62648 /* Pomodoro_TimerUITests.swift in Sources */,
				7021EAB52BCA824300B62648 /* Pomodoro_TimerUITestsLaunchTests.swift in Sources */,
			);
			runOnlyForDeploymentPostprocessing = 0;
		};
/* End PBXSourcesBuildPhase section */

/* Begin PBXTargetDependency section */
		7021EAA62BCA824300B62648 /* PBXTargetDependency */ = {
			isa = PBXTargetDependency;
			target = 7021EA8D2BCA824100B62648 /* Pomodoro-Timer */;
			targetProxy = 7021EAA52BCA824300B62648 /* PBXContainerItemProxy */;
		};
		7021EAB02BCA824300B62648 /* PBXTargetDependency */ = {
			isa = PBXTargetDependency;
			target = 7021EA8D2BCA824100B62648 /* Pomodoro-Timer */;
			targetProxy = 7021EAAF2BCA824300B62648 /* PBXContainerItemProxy */;
		};
/* End PBXTargetDependency section */

/* Begin PBXVariantGroup section */
		7021EA972BCA824100B62648 /* Main.storyboard */ = {
			isa = PBXVariantGroup;
			children = (
				7021EA982BCA824100B62648 /* Base */,
			);
			name = Main.storyboard;
			sourceTree = "<group>";
		};
		7021EA9C2BCA824300B62648 /* LaunchScreen.storyboard */ = {
			isa = PBXVariantGroup;
			children = (
				7021EA9D2BCA824300B62648 /* Base */,
			);
			name = LaunchScreen.storyboard;
			sourceTree = "<group>";
		};
/* End PBXVariantGroup section */

/* Begin XCBuildConfiguration section */
		7021EAB62BCA824300B62648 /* Debug */ = {
			isa = XCBuildConfiguration;
			buildSettings = {
				ALWAYS_SEARCH_USER_PATHS = NO;
				ASSETCATALOG_COMPILER_GENERATE_SWIFT_ASSET_SYMBOL_EXTENSIONS = YES;
				CLANG_ANALYZER_NONNULL = YES;
				CLANG_ANALYZER_NUMBER_OBJECT_CONVERSION = YES_AGGRESSIVE;
				CLANG_CXX_LANGUAGE_STANDARD = "gnu++20";
				CLANG_ENABLE_MODULES = YES;
				CLANG_ENABLE_OBJC_ARC = YES;
				CLANG_ENABLE_OBJC_WEAK = YES;
				CLANG_WARN_BLOCK_CAPTURE_AUTORELEASING = YES;
				CLANG_WARN_BOOL_CONVERSION = YES;
				CLANG_WARN_COMMA = YES;
				CLANG_WARN_CONSTANT_CONVERSION = YES;
				CLANG_WARN_DEPRECATED_OBJC_IMPLEMENTATIONS = YES;
				CLANG_WARN_DIRECT_OBJC_ISA_USAGE = YES_ERROR;
				CLANG_WARN_DOCUMENTATION_COMMENTS = YES;
				CLANG_WARN_EMPTY_BODY = YES;
				CLANG_WARN_ENUM_CONVERSION = YES;
				CLANG_WARN_INFINITE_RECURSION = YES;
				CLANG_WARN_INT_CONVERSION = YES;
				CLANG_WARN_NON_LITERAL_NULL_CONVERSION = YES;
				CLANG_WARN_OBJC_IMPLICIT_RETAIN_SELF = YES;
				CLANG_WARN_OBJC_LITERAL_CONVERSION = YES;
				CLANG_WARN_OBJC_ROOT_CLASS = YES_ERROR;
				CLANG_WARN_QUOTED_INCLUDE_IN_FRAMEWORK_HEADER = YES;
				CLANG_WARN_RANGE_LOOP_ANALYSIS = YES;
				CLANG_WARN_STRICT_PROTOTYPES = YES;
				CLANG_WARN_SUSPICIOUS_MOVE = YES;
				CLANG_WARN_UNGUARDED_AVAILABILITY = YES_AGGRESSIVE;
				CLANG_WARN_UNREACHABLE_CODE = YES;
				CLANG_WARN__DUPLICATE_METHOD_MATCH = YES;
				COPY_PHASE_STRIP = NO;
				DEBUG_INFORMATION_FORMAT = dwarf;
				ENABLE_STRICT_OBJC_MSGSEND = YES;
				ENABLE_TESTABILITY = YES;
				ENABLE_USER_SCRIPT_SANDBOXING = YES;
				GCC_C_LANGUAGE_STANDARD = gnu17;
				GCC_DYNAMIC_NO_PIC = NO;
				GCC_NO_COMMON_BLOCKS = YES;
				GCC_OPTIMIZATION_LEVEL = 0;
				GCC_PREPROCESSOR_DEFINITIONS = (
					"DEBUG=1",
					"$(inherited)",
				);
				GCC_WARN_64_TO_32_BIT_CONVERSION = YES;
				GCC_WARN_ABOUT_RETURN_TYPE = YES_ERROR;
				GCC_WARN_UNDECLARED_SELECTOR = YES;
				GCC_WARN_UNINITIALIZED_AUTOS = YES_AGGRESSIVE;
				GCC_WARN_UNUSED_FUNCTION = YES;
				GCC_WARN_UNUSED_VARIABLE = YES;
				IPHONEOS_DEPLOYMENT_TARGET = 17.4;
				LOCALIZATION_PREFERS_STRING_CATALOGS = YES;
				MTL_ENABLE_DEBUG_INFO = INCLUDE_SOURCE;
				MTL_FAST_MATH = YES;
				ONLY_ACTIVE_ARCH = YES;
				SDKROOT = iphoneos;
				SWIFT_ACTIVE_COMPILATION_CONDITIONS = "DEBUG $(inherited)";
				SWIFT_OPTIMIZATION_LEVEL = "-Onone";
			};
			name = Debug;
		};
		7021EAB72BCA824300B62648 /* Release */ = {
			isa = XCBuildConfiguration;
			buildSettings = {
				ALWAYS_SEARCH_USER_PATHS = NO;
				ASSETCATALOG_COMPILER_GENERATE_SWIFT_ASSET_SYMBOL_EXTENSIONS = YES;
				CLANG_ANALYZER_NONNULL = YES;
				CLANG_ANALYZER_NUMBER_OBJECT_CONVERSION = YES_AGGRESSIVE;
				CLANG_CXX_LANGUAGE_STANDARD = "gnu++20";
				CLANG_ENABLE_MODULES = YES;
				CLANG_ENABLE_OBJC_ARC = YES;
				CLANG_ENABLE_OBJC_WEAK = YES;
				CLANG_WARN_BLOCK_CAPTURE_AUTORELEASING = YES;
				CLANG_WARN_BOOL_CONVERSION = YES;
				CLANG_WARN_COMMA = YES;
				CLANG_WARN_CONSTANT_CONVERSION = YES;
				CLANG_WARN_DEPRECATED_OBJC_IMPLEMENTATIONS = YES;
				CLANG_WARN_DIRECT_OBJC_ISA_USAGE = YES_ERROR;
				CLANG_WARN_DOCUMENTATION_COMMENTS = YES;
				CLANG_WARN_EMPTY_BODY = YES;
				CLANG_WARN_ENUM_CONVERSION = YES;
				CLANG_WARN_INFINITE_RECURSION = YES;
				CLANG_WARN_INT_CONVERSION = YES;
				CLANG_WARN_NON_LITERAL_NULL_CONVERSION = YES;
				CLANG_WARN_OBJC_IMPLICIT_RETAIN_SELF = YES;
				CLANG_WARN_OBJC_LITERAL_CONVERSION = YES;
				CLANG_WARN_OBJC_ROOT_CLASS = YES_ERROR;
				CLANG_WARN_QUOTED_INCLUDE_IN_FRAMEWORK_HEADER = YES;
				CLANG_WARN_RANGE_LOOP_ANALYSIS = YES;
				CLANG_WARN_STRICT_PROTOTYPES = YES;
				CLANG_WARN_SUSPICIOUS_MOVE = YES;
				CLANG_WARN_UNGUARDED_AVAILABILITY = YES_AGGRESSIVE;
				CLANG_WARN_UNREACHABLE_CODE = YES;
				CLANG_WARN__DUPLICATE_METHOD_MATCH = YES;
				COPY_PHASE_STRIP = NO;
				DEBUG_INFORMATION_FORMAT = "dwarf-with-dsym";
				ENABLE_NS_ASSERTIONS = NO;
				ENABLE_STRICT_OBJC_MSGSEND = YES;
				ENABLE_USER_SCRIPT_SANDBOXING = YES;
				GCC_C_LANGUAGE_STANDARD = gnu17;
				GCC_NO_COMMON_BLOCKS = YES;
				GCC_WARN_64_TO_32_BIT_CONVERSION = YES;
				GCC_WARN_ABOUT_RETURN_TYPE = YES_ERROR;
				GCC_WARN_UNDECLARED_SELECTOR = YES;
				GCC_WARN_UNINITIALIZED_AUTOS = YES_AGGRESSIVE;
				GCC_WARN_UNUSED_FUNCTION = YES;
				GCC_WARN_UNUSED_VARIABLE = YES;
				IPHONEOS_DEPLOYMENT_TARGET = 17.4;
				LOCALIZATION_PREFERS_STRING_CATALOGS = YES;
				MTL_ENABLE_DEBUG_INFO = NO;
				MTL_FAST_MATH = YES;
				SDKROOT = iphoneos;
				SWIFT_COMPILATION_MODE = wholemodule;
				VALIDATE_PRODUCT = YES;
			};
			name = Release;
		};
		7021EAB92BCA824300B62648 /* Debug */ = {
			isa = XCBuildConfiguration;
			buildSettings = {
				ASSETCATALOG_COMPILER_APPICON_NAME = AppIcon;
				ASSETCATALOG_COMPILER_GLOBAL_ACCENT_COLOR_NAME = AccentColor;
				CODE_SIGN_STYLE = Automatic;
				CURRENT_PROJECT_VERSION = 1;
				DEVELOPMENT_TEAM = GX9AAGRS2C;
				GENERATE_INFOPLIST_FILE = YES;
				INFOPLIST_FILE = "Pomodoro-Timer/Info.plist";
				INFOPLIST_KEY_UIApplicationSupportsIndirectInputEvents = YES;
				INFOPLIST_KEY_UILaunchStoryboardName = LaunchScreen;
				INFOPLIST_KEY_UIMainStoryboardFile = Main;
				INFOPLIST_KEY_UISupportedInterfaceOrientations_iPad = "UIInterfaceOrientationPortrait UIInterfaceOrientationPortraitUpsideDown UIInterfaceOrientationLandscapeLeft UIInterfaceOrientationLandscapeRight";
				INFOPLIST_KEY_UISupportedInterfaceOrientations_iPhone = "UIInterfaceOrientationPortrait UIInterfaceOrientationLandscapeLeft UIInterfaceOrientationLandscapeRight";
				LD_RUNPATH_SEARCH_PATHS = (
					"$(inherited)",
					"@executable_path/Frameworks",
				);
				MARKETING_VERSION = 1.0;
				PRODUCT_BUNDLE_IDENTIFIER = "com.ialexballa.Pomodoro-Timer";
				PRODUCT_NAME = "$(TARGET_NAME)";
				SWIFT_EMIT_LOC_STRINGS = YES;
				SWIFT_VERSION = 5.0;
				TARGETED_DEVICE_FAMILY = "1,2";
			};
			name = Debug;
		};
		7021EABA2BCA824300B62648 /* Release */ = {
			isa = XCBuildConfiguration;
			buildSettings = {
				ASSETCATALOG_COMPILER_APPICON_NAME = AppIcon;
				ASSETCATALOG_COMPILER_GLOBAL_ACCENT_COLOR_NAME = AccentColor;
				CODE_SIGN_STYLE = Automatic;
				CURRENT_PROJECT_VERSION = 1;
				DEVELOPMENT_TEAM = GX9AAGRS2C;
				GENERATE_INFOPLIST_FILE = YES;
				INFOPLIST_FILE = "Pomodoro-Timer/Info.plist";
				INFOPLIST_KEY_UIApplicationSupportsIndirectInputEvents = YES;
				INFOPLIST_KEY_UILaunchStoryboardName = LaunchScreen;
				INFOPLIST_KEY_UIMainStoryboardFile = Main;
				INFOPLIST_KEY_UISupportedInterfaceOrientations_iPad = "UIInterfaceOrientationPortrait UIInterfaceOrientationPortraitUpsideDown UIInterfaceOrientationLandscapeLeft UIInterfaceOrientationLandscapeRight";
				INFOPLIST_KEY_UISupportedInterfaceOrientations_iPhone = "UIInterfaceOrientationPortrait UIInterfaceOrientationLandscapeLeft UIInterfaceOrientationLandscapeRight";
				LD_RUNPATH_SEARCH_PATHS = (
					"$(inherited)",
					"@executable_path/Frameworks",
				);
				MARKETING_VERSION = 1.0;
				PRODUCT_BUNDLE_IDENTIFIER = "com.ialexballa.Pomodoro-Timer";
				PRODUCT_NAME = "$(TARGET_NAME)";
				SWIFT_EMIT_LOC_STRINGS = YES;
				SWIFT_VERSION = 5.0;
				TARGETED_DEVICE_FAMILY = "1,2";
			};
			name = Release;
		};
		7021EABC2BCA824300B62648 /* Debug */ = {
			isa = XCBuildConfiguration;
			buildSettings = {
				ALWAYS_EMBED_SWIFT_STANDARD_LIBRARIES = YES;
				BUNDLE_LOADER = "$(TEST_HOST)";
				CODE_SIGN_STYLE = Automatic;
				CURRENT_PROJECT_VERSION = 1;
				DEVELOPMENT_TEAM = GX9AAGRS2C;
				GENERATE_INFOPLIST_FILE = YES;
				IPHONEOS_DEPLOYMENT_TARGET = 17.4;
				MARKETING_VERSION = 1.0;
				PRODUCT_BUNDLE_IDENTIFIER = "com.ialexballa.Pomodoro-TimerTests";
				PRODUCT_NAME = "$(TARGET_NAME)";
				SWIFT_EMIT_LOC_STRINGS = NO;
				SWIFT_VERSION = 5.0;
				TARGETED_DEVICE_FAMILY = "1,2";
				TEST_HOST = "$(BUILT_PRODUCTS_DIR)/Pomodoro-Timer.app/$(BUNDLE_EXECUTABLE_FOLDER_PATH)/Pomodoro-Timer";
			};
			name = Debug;
		};
		7021EABD2BCA824300B62648 /* Release */ = {
			isa = XCBuildConfiguration;
			buildSettings = {
				ALWAYS_EMBED_SWIFT_STANDARD_LIBRARIES = YES;
				BUNDLE_LOADER = "$(TEST_HOST)";
				CODE_SIGN_STYLE = Automatic;
				CURRENT_PROJECT_VERSION = 1;
				DEVELOPMENT_TEAM = GX9AAGRS2C;
				GENERATE_INFOPLIST_FILE = YES;
				IPHONEOS_DEPLOYMENT_TARGET = 17.4;
				MARKETING_VERSION = 1.0;
				PRODUCT_BUNDLE_IDENTIFIER = "com.ialexballa.Pomodoro-TimerTests";
				PRODUCT_NAME = "$(TARGET_NAME)";
				SWIFT_EMIT_LOC_STRINGS = NO;
				SWIFT_VERSION = 5.0;
				TARGETED_DEVICE_FAMILY = "1,2";
				TEST_HOST = "$(BUILT_PRODUCTS_DIR)/Pomodoro-Timer.app/$(BUNDLE_EXECUTABLE_FOLDER_PATH)/Pomodoro-Timer";
			};
			name = Release;
		};
		7021EABF2BCA824300B62648 /* Debug */ = {
			isa = XCBuildConfiguration;
			buildSettings = {
				ALWAYS_EMBED_SWIFT_STANDARD_LIBRARIES = YES;
				CODE_SIGN_STYLE = Automatic;
				CURRENT_PROJECT_VERSION = 1;
				DEVELOPMENT_TEAM = GX9AAGRS2C;
				GENERATE_INFOPLIST_FILE = YES;
				MARKETING_VERSION = 1.0;
				PRODUCT_BUNDLE_IDENTIFIER = "com.ialexballa.Pomodoro-TimerUITests";
				PRODUCT_NAME = "$(TARGET_NAME)";
				SWIFT_EMIT_LOC_STRINGS = NO;
				SWIFT_VERSION = 5.0;
				TARGETED_DEVICE_FAMILY = "1,2";
				TEST_TARGET_NAME = "Pomodoro-Timer";
			};
			name = Debug;
		};
		7021EAC02BCA824300B62648 /* Release */ = {
			isa = XCBuildConfiguration;
			buildSettings = {
				ALWAYS_EMBED_SWIFT_STANDARD_LIBRARIES = YES;
				CODE_SIGN_STYLE = Automatic;
				CURRENT_PROJECT_VERSION = 1;
				DEVELOPMENT_TEAM = GX9AAGRS2C;
				GENERATE_INFOPLIST_FILE = YES;
				MARKETING_VERSION = 1.0;
				PRODUCT_BUNDLE_IDENTIFIER = "com.ialexballa.Pomodoro-TimerUITests";
				PRODUCT_NAME = "$(TARGET_NAME)";
				SWIFT_EMIT_LOC_STRINGS = NO;
				SWIFT_VERSION = 5.0;
				TARGETED_DEVICE_FAMILY = "1,2";
				TEST_TARGET_NAME = "Pomodoro-Timer";
			};
			name = Release;
		};
/* End XCBuildConfiguration section */

/* Begin XCConfigurationList section */
		7021EA892BCA824100B62648 /* Build configuration list for PBXProject "Pomodoro-Timer" */ = {
			isa = XCConfigurationList;
			buildConfigurations = (
				7021EAB62BCA824300B62648 /* Debug */,
				7021EAB72BCA824300B62648 /* Release */,
			);
			defaultConfigurationIsVisible = 0;
			defaultConfigurationName = Release;
		};
		7021EAB82BCA824300B62648 /* Build configuration list for PBXNativeTarget "Pomodoro-Timer" */ = {
			isa = XCConfigurationList;
			buildConfigurations = (
				7021EAB92BCA824300B62648 /* Debug */,
				7021EABA2BCA824300B62648 /* Release */,
			);
			defaultConfigurationIsVisible = 0;
			defaultConfigurationName = Release;
		};
		7021EABB2BCA824300B62648 /* Build configuration list for PBXNativeTarget "Pomodoro-TimerTests" */ = {
			isa = XCConfigurationList;
			buildConfigurations = (
				7021EABC2BCA824300B62648 /* Debug */,
				7021EABD2BCA824300B62648 /* Release */,
			);
			defaultConfigurationIsVisible = 0;
			defaultConfigurationName = Release;
		};
		7021EABE2BCA824300B62648 /* Build configuration list for PBXNativeTarget "Pomodoro-TimerUITests" */ = {
			isa = XCConfigurationList;
			buildConfigurations = (
				7021EABF2BCA824300B62648 /* Debug */,
				7021EAC02BCA824300B62648 /* Release */,
			);
			defaultConfigurationIsVisible = 0;
			defaultConfigurationName = Release;
		};
/* End XCConfigurationList section */
	};
	rootObject = 7021EA862BCA824100B62648 /* Project object */;
}
